
Microsoft Visual Studio Solution File, Format Version 12.00
# Visual Studio Version 16
VisualStudioVersion = 16.0.29326.143
MinimumVisualStudioVersion = 10.0.40219.1
Project("{9A19103F-16F7-4668-BE54-9A1E7A4F7556}") = "MSDF.StudentEngagement.Web", "MSDF.StudentEngagement.Web\MSDF.StudentEngagement.Web.csproj", "{5429836A-A436-4A30-B210-A987382B4B6A}"
EndProject
Project("{9A19103F-16F7-4668-BE54-9A1E7A4F7556}") = "MSDF.StudentEngagement.Resources", "MSDF.StudentEngagement.Resources\MSDF.StudentEngagement.Resources.csproj", "{85F3001F-4207-4CE4-A547-1EC74007C9ED}"
EndProject
Project("{9A19103F-16F7-4668-BE54-9A1E7A4F7556}") = "MSDF.StudentEngagement.Persistence", "MSDF.StudentEngagement.Persistence\MSDF.StudentEngagement.Persistence.csproj", "{BAC95A0E-688D-48F2-8AF2-12FE0223CD32}"
EndProject
Project("{FAE04EC0-301F-11D3-BF4B-00C04F79EFBC}") = "XUnitTest", "XUnitTest\XUnitTest.csproj", "{20E12768-7809-4BE7-9227-E347DFC19816}"
EndProject
Global
	GlobalSection(SolutionConfigurationPlatforms) = preSolution
		Debug|Any CPU = Debug|Any CPU
		Release|Any CPU = Release|Any CPU
	EndGlobalSection
	GlobalSection(ProjectConfigurationPlatforms) = postSolution
		{5429836A-A436-4A30-B210-A987382B4B6A}.Debug|Any CPU.ActiveCfg = Debug|Any CPU
		{5429836A-A436-4A30-B210-A987382B4B6A}.Debug|Any CPU.Build.0 = Debug|Any CPU
		{5429836A-A436-4A30-B210-A987382B4B6A}.Release|Any CPU.ActiveCfg = Release|Any CPU
		{5429836A-A436-4A30-B210-A987382B4B6A}.Release|Any CPU.Build.0 = Release|Any CPU
		{85F3001F-4207-4CE4-A547-1EC74007C9ED}.Debug|Any CPU.ActiveCfg = Debug|Any CPU
		{85F3001F-4207-4CE4-A547-1EC74007C9ED}.Debug|Any CPU.Build.0 = Debug|Any CPU
		{85F3001F-4207-4CE4-A547-1EC74007C9ED}.Release|Any CPU.ActiveCfg = Release|Any CPU
		{85F3001F-4207-4CE4-A547-1EC74007C9ED}.Release|Any CPU.Build.0 = Release|Any CPU
		{BAC95A0E-688D-48F2-8AF2-12FE0223CD32}.Debug|Any CPU.ActiveCfg = Debug|Any CPU
		{BAC95A0E-688D-48F2-8AF2-12FE0223CD32}.Debug|Any CPU.Build.0 = Debug|Any CPU
		{BAC95A0E-688D-48F2-8AF2-12FE0223CD32}.Release|Any CPU.ActiveCfg = Release|Any CPU
		{BAC95A0E-688D-48F2-8AF2-12FE0223CD32}.Release|Any CPU.Build.0 = Release|Any CPU
		{20E12768-7809-4BE7-9227-E347DFC19816}.Debug|Any CPU.ActiveCfg = Debug|Any CPU
		{20E12768-7809-4BE7-9227-E347DFC19816}.Debug|Any CPU.Build.0 = Debug|Any CPU
		{20E12768-7809-4BE7-9227-E347DFC19816}.Release|Any CPU.ActiveCfg = Release|Any CPU
		{20E12768-7809-4BE7-9227-E347DFC19816}.Release|Any CPU.Build.0 = Release|Any CPU
	EndGlobalSection
	GlobalSection(SolutionProperties) = preSolution
		HideSolutionNode = FALSE
	EndGlobalSection
	GlobalSection(ExtensibilityGlobals) = postSolution
		SolutionGuid = {536DB9D9-2B08-4750-93C0-28E5E0CA3F61}
	EndGlobalSection
EndGlobal
